lockfileVersion: '9.0'

settings:
  autoInstallPeers: true
  excludeLinksFromLockfile: false

importers:

  .:
    devDependencies:
      grunt:
        specifier: ~0.4.5
        version: 0.4.5
      grunt-banner:
        specifier: ~0.2.3
        version: 0.2.3(grunt@0.4.5)
      grunt-contrib-less:
        specifier: ~0.11.4
        version: 0.11.4(grunt@0.4.5)
      grunt-contrib-uglify:
        specifier: ~0.5.1
        version: 0.5.1(grunt@0.4.5)
      grunt-contrib-watch:
        specifier: ~1.1.0
        version: 1.1.0

packages:

  abbrev@1.1.1:
    resolution: {integrity: sha512-nne9/IiQ/hzIhY6pdDnbBtz7DjPTKrY00P/zvPSm5pOFkl6xuGrGnXn/VtTNNfNtAfZ9/1RtehkszU9qcTii0Q==}

  align-text@0.1.4:
    resolution: {integrity: sha512-GrTZLRpmp6wIC2ztrWW9MjjTgSKccffgFagbNDOX95/dcjEcYZibYTeaOntySQLcdw1ztBoFkviiUvTMbb9MYg==}
    engines: {node: '>=0.10.0'}

  amdefine@1.0.1:
    resolution: {integrity: sha512-S2Hw0TtNkMJhIabBwIojKL9YHO5T0n5eNqWJ7Lrlel/zDbftQpxpapi8tZs3X1HWa+u+QeydGmzzNU0m09+Rcg==}
    engines: {node: '>=0.4.2'}

  ansi-regex@0.2.1:
    resolution: {integrity: sha512-sGwIGMjhYdW26/IhwK2gkWWI8DRCVO6uj3hYgHT+zD+QL1pa37tM3ujhyfcJIYSbsxp7Gxhy7zrRW/1AHm4BmA==}
    engines: {node: '>=0.10.0'}

  ansi-styles@1.0.0:
    resolution: {integrity: sha512-3iF4FIKdxaVYT3JqQuY3Wat/T2t7TRbbQ94Fu50ZUCbLy4TFbTzr90NOHQodQkNqmeEGCw8WbeP78WNi6SKYUA==}
    engines: {node: '>=0.8.0'}

  ansi-styles@1.1.0:
    resolution: {integrity: sha512-f2PKUkN5QngiSemowa6Mrk9MPCdtFiOSmibjZ+j1qhLGHHYsqZwmBMRF3IRMVXo8sybDqx2fJl2d/8OphBoWkA==}
    engines: {node: '>=0.10.0'}

  argparse@0.1.16:
    resolution: {integrity: sha512-LjmC2dNpdn2L4UzyoaIr11ELYoLn37ZFy9zObrQFHsSuOepeUEMKnM8w5KL4Tnrp2gy88rRuQt6Ky8Bjml+Baw==}

  asn1@0.1.11:
    resolution: {integrity: sha512-Fh9zh3G2mZ8qM/kwsiKwL2U2FmXxVsboP4x1mXjnhKHv3SmzaBZoYvxEQJz/YS2gnCgd8xlAVWcZnQyC9qZBsA==}
    engines: {node: '>=0.4.9'}

  assert-plus@0.1.5:
    resolution: {integrity: sha512-brU24g7ryhRwGCI2y+1dGQmQXiZF7TtIj583S96y0jjdajIe6wn8BuXyELYhvD22dtIxDQVFk04YTJwwdwOYJw==}
    engines: {node: '>=0.8'}

  async@0.1.22:
    resolution: {integrity: sha512-2tEzliJmf5fHNafNwQLJXUasGzQCVctvsNkXmnlELHwypU0p08/rHohYvkqKIjyXpx+0rkrYv6QbhJ+UF4QkBg==}

  async@0.2.10:
    resolution: {integrity: sha512-eAkdoKxU6/LkKDBzLpT+t6Ff5EtfSF4wx1WfJiPEEV7WNLnDaRXk0oVysiEPm262roaachGexwUv94WhSgN5TQ==}

  async@0.9.2:
    resolution: {integrity: sha512-l6ToIJIotphWahxxHyzK9bnLR6kM4jJIIgLShZeqLY7iboHoGkdgFl7W2/Ivi4SkMJYGKqW8vSuk0uKUj6qsSw==}

  async@2.6.4:
    resolution: {integrity: sha512-mzo5dfJYwAn29PeiJ0zvwTo04zj8HDJj0Mn8TD7sno7q12prdbnasKJHhkm2c1LgrhlJ0teaea8860oxi51mGA==}

  aws-sign2@0.5.0:
    resolution: {integrity: sha512-oqUX0DM5j7aPWPCnpWebiyNIj2wiNI87ZxnOMoGv0aE4TGlBy2N+5iWc6dQ/NOKZaBD2W6PVz8jtOGkWzSC5EA==}

  balanced-match@1.0.2:
    resolution: {integrity: sha512-3oSeUO0TMV67hN1AmbXsK4yaqU7tjiHlbxRDZOpH0KW9+CeX4bRAaX0Anxt0tx2MrpRpWwQaPwIlISEJhYU5Pw==}

  body@5.1.0:
    resolution: {integrity: sha512-chUsBxGRtuElD6fmw1gHLpvnKdVLK302peeFa9ZqAEk8TyzZ3fygLyUEDDPTJvL9+Bor0dIwn6ePOsRM2y0zQQ==}

  boom@0.4.2:
    resolution: {integrity: sha512-OvfN8y1oAxxphzkl2SnCS+ztV/uVKTATtgLjWYg/7KwcNyf3rzpHxNQJZCKtsZd4+MteKczhWbSjtEX4bGgU9g==}
    engines: {node: '>=0.8.0'}
    deprecated: This version has been deprecated in accordance with the hapi support policy (hapi.im/support). Please upgrade to the latest version to get the best features, bug fixes, and security patches. If you are unable to upgrade at this time, paid support is available for older versions (hapi.im/commercial).

  brace-expansion@1.1.11:
    resolution: {integrity: sha512-iCuPHDFgrHX7H2vEI/5xpz07zSHB00TpugqhmYtVmMO6518mCuRMoOYFldEBl0g187ufozdaHgWKcYFb61qGiA==}

  browserify-zlib@0.1.4:
    resolution: {integrity: sha512-19OEpq7vWgsH6WkvkBJQDFvJS1uPcbFOQ4v9CU839dO+ZZXUZO6XpE6hNCqvlIIj+4fZvRiJ6DsAQ382GwiyTQ==}

  buffer-from@1.1.2:
    resolution: {integrity: sha512-E+XQCRwSbaaiChtv6k6Dwgc+bx+Bs6vuKJHHl5kox/BaKbhiXzqQOwK4cO22yElGp2OCmjwVhT3HmxgyPGnJfQ==}

  bytes@1.0.0:
    resolution: {integrity: sha512-/x68VkHLeTl3/Ll8IvxdwzhrT+IyKc52e/oyHhA2RwqPqswSnjVbSddfPRwAsJtbilMAPSRWwAlpxdYsSWOTKQ==}

  call-bind-apply-helpers@1.0.1:
    resolution: {integrity: sha512-BhYE+WDaywFg2TBWYNXAE+8B1ATnThNBqXHP5nQu0jWJdVvY2hvkpyB3qOmtmDePiS5/BDQ8wASEWGMWRG148g==}
    engines: {node: '>= 0.4'}

  call-bound@1.0.3:
    resolution: {integrity: sha512-YTd+6wGlNlPxSuri7Y6X8tY2dmm12UMH66RpKMhiX6rsk5wXXnYgbUcOt8kiS31/AjfoTOvCsE+w8nZQLQnzHA==}
    engines: {node: '>= 0.4'}

  camelcase@1.2.1:
    resolution: {integrity: sha512-wzLkDa4K/mzI1OSITC+DUyjgIl/ETNHE9QvYgy6J6Jvqyyz4C0Xfd+lQhb19sX2jMpZV4IssUn0VDVmglV+s4g==}
    engines: {node: '>=0.10.0'}

  center-align@0.1.3:
    resolution: {integrity: sha512-Baz3aNe2gd2LP2qk5U+sDk/m4oSuwSDcBfayTCTBoWpfIGO5XFxPmjILQII4NGiZjD6DoDI6kf7gKaxkf7s3VQ==}
    engines: {node: '>=0.10.0'}

  chalk@0.4.0:
    resolution: {integrity: sha512-sQfYDlfv2DGVtjdoQqxS0cEZDroyG8h6TamA6rvxwlrU5BaSLDx9xhatBYl2pxZ7gmpNaPFVwBtdGdu5rQ+tYQ==}
    engines: {node: '>=0.8.0'}

  chalk@0.5.1:
    resolution: {integrity: sha512-bIKA54hP8iZhyDT81TOsJiQvR1gW+ZYSXFaZUAvoD4wCHdbHY2actmpTE4x344ZlFqHbvoxKOaESULTZN2gstg==}
    engines: {node: '>=0.10.0'}

  clean-css@2.2.23:
    resolution: {integrity: sha512-4Ft5U6dNFqr++uztZJzaGXLTTI1aGYgOVAvGAwjp1eOPd4jT6HKjYE2CJ6qnAWZ3/H/U77iFeCZyhhBmOUaU1w==}
    engines: {node: '>=0.8.0'}
    hasBin: true

  cliui@2.1.0:
    resolution: {integrity: sha512-GIOYRizG+TGoc7Wgc1LiOTLare95R3mzKgoln+Q/lE4ceiYH19gUpl0l0Ffq4lJDEf3FxujMe6IBfOCs7pfqNA==}

  coffee-script@1.3.3:
    resolution: {integrity: sha512-QjQ1T4BqyHv19k6XSfdhy/QLlIOhywz0ekBUCa9h71zYMJlfDTGan/Z1JXzYkZ6v8R+GhvL/p4FZPbPW8WNXlg==}
    engines: {node: '>=0.4.0'}
    deprecated: CoffeeScript on NPM has moved to "coffeescript" (no hyphen)
    hasBin: true

  colors@0.6.2:
    resolution: {integrity: sha512-OsSVtHK8Ir8r3+Fxw/b4jS1ZLPXkV6ZxDRJQzeD7qo0SqMXWrHDM71DgYzPMHY8SFJ0Ao+nNU2p1MmwdzKqPrw==}
    engines: {node: '>=0.1.90'}

  combined-stream@0.0.7:
    resolution: {integrity: sha512-qfexlmLp9MyrkajQVyjEDb0Vj+KhRgR/rxLiVhaihlT+ZkX0lReqtH6Ack40CvMDERR4b5eFp3CreskpBs1Pig==}
    engines: {node: '>= 0.8'}

  commander@2.2.0:
    resolution: {integrity: sha512-U6hBkeIsoeE81B+yas9uVF4YYVcVoBCwb1e314VPyvVQubFwvnTAuc1oUQ6VuMPYUS4Rf1gzr0wTVLvs4sb5Pw==}
    engines: {node: '>= 0.6.x'}

  concat-map@0.0.1:
    resolution: {integrity: sha512-/Srv4dswyQNBfohGpz9o6Yb3Gz3SrUDqBH5rTuhGR7ahtlbYKnVxw2bCFMRljaA7EXHaXZ8wsHdodFvbkhKmqg==}

  concat-stream@1.6.2:
    resolution: {integrity: sha512-27HBghJxjiZtIk3Ycvn/4kbJk/1uZuJFfuPEns6LaEvpvG1f0hTea8lilrouyo9mVc2GWdcEZ8OLoGmSADlrCw==}
    engines: {'0': node >= 0.8}

  continuable-cache@0.3.1:
    resolution: {integrity: sha512-TF30kpKhTH8AGCG3dut0rdd/19B7Z+qCnrMoBLpyQu/2drZdNrrpcjPEoJeSVsQM+8KmWG5O56oPDjSSUsuTyA==}

  core-util-is@1.0.3:
    resolution: {integrity: sha512-ZQBvi1DcpJ4GDqanjucZ2Hj3wEO5pZDS89BWbkcrvdxksJorwUDDZamX9ldFkp9aw2lmBDLgkObEA4DWNJ9FYQ==}

  cryptiles@0.2.2:
    resolution: {integrity: sha512-gvWSbgqP+569DdslUiCelxIv3IYK5Lgmq1UrRnk+s1WxQOQ16j3GPDcjdtgL5Au65DU/xQi6q3xPtf5Kta+3IQ==}
    engines: {node: '>=0.8.0'}
    deprecated: This version has been deprecated in accordance with the hapi support policy (hapi.im/support). Please upgrade to the latest version to get the best features, bug fixes, and security patches. If you are unable to upgrade at this time, paid support is available for older versions (hapi.im/commercial).

  ctype@0.5.3:
    resolution: {integrity: sha512-T6CEkoSV4q50zW3TlTHMbzy1E5+zlnNcY+yb7tWVYlTwPhx9LpnfAkd4wecpWknDyptp4k97LUZeInlf6jdzBg==}
    engines: {node: '>= 0.4'}

  dateformat@1.0.2-1.2.3:
    resolution: {integrity: sha512-AXvW8g7tO4ilk5HgOWeDmPi/ZPaCnMJ+9Cg1I3p19w6mcvAAXBuuGEXAxybC+Djj1PSZUiHUcyoYu7WneCX8gQ==}

  debug@3.2.7:
    resolution: {integrity: sha512-CFjzYYAi4ThfiQvizrFQevTTXHtnCqWfe7x1AhgEscTz6ZbLbfoLRLPugTQyBth6f8ZERVUSyWHFD/7Wu4t1XQ==}
    peerDependencies:
      supports-color: '*'
    peerDependenciesMeta:
      supports-color:
        optional: true

  decamelize@1.2.0:
    resolution: {integrity: sha512-z2S+W9X73hAUUki+N+9Za2lBlun89zigOyGrsax+KUQ6wKW4ZoWpEYBkGhQjwAjjDCkWxhY0VKEhk8wzY7F5cA==}
    engines: {node: '>=0.10.0'}

  deep-equal@0.0.0:
    resolution: {integrity: sha512-p1bI/kkDPT6auUI0U+WLuIIrzmDIDo80I406J8tT4y6I4ZGtBuMeTudrKDtBdMJFAcxqrQdx27gosqPVyY3IvQ==}

  defined@0.0.0:
    resolution: {integrity: sha512-zpqiCT8bODLu3QSmLLic8xJnYWBFjOSu/fBCm189oAiTtPq/PSanNACKZDS7kgSyCJY7P+IcODzlIogBK/9RBg==}

  delayed-stream@0.0.5:
    resolution: {integrity: sha512-v+7uBd1pqe5YtgPacIIbZ8HuHeLFVNe4mUEyFDXL6KiqzEykjbw+5mXZXpGFgNVasdL4jWKgaKIXrEHiynN1LA==}
    engines: {node: '>=0.4.0'}

  dunder-proto@1.0.1:
    resolution: {integrity: sha512-KIN/nDJBQRcXw0MLVhZE9iQHmG68qAVIBg9CqmUYjmQIhgij9U5MFvrqkUL5FbtyyzZuOeOt0zdeRe4UY7ct+A==}
    engines: {node: '>= 0.4'}

  error@7.2.1:
    resolution: {integrity: sha512-fo9HBvWnx3NGUKMvMwB/CBCMMrfEJgbDTVDEkPygA3Bdd3lM1OyCd+rbQ8BwnpF6GdVeOLDNmyL4N5Bg80ZvdA==}

  es-define-property@1.0.1:
    resolution: {integrity: sha512-e3nRfgfUZ4rNGL232gUgX06QNyyez04KdjFrF+LTRoOXmrOgFKDg4BCdsjW8EnT69eqdYGmRpJwiPVYNrCaW3g==}
    engines: {node: '>= 0.4'}

  es-errors@1.3.0:
    resolution: {integrity: sha512-Zf5H2Kxt2xjTvbJvP2ZWLEICxA6j+hAmMzIlypy4xcBg1vKVnx89Wy0GbS+kf5cwCVFFzdCFh2XSCFNULS6csw==}
    engines: {node: '>= 0.4'}

  es-object-atoms@1.1.1:
    resolution: {integrity: sha512-FGgH2h8zKNim9ljj7dankFPcICIK9Cp5bm+c2gQSYePhpaG5+esrLODihIorn+Pe6FGJzWhXQotPv73jTaldXA==}
    engines: {node: '>= 0.4'}

  escape-string-regexp@1.0.5:
    resolution: {integrity: sha512-vbRorB5FUQWvla16U8R/qgaFIya2qGzwDrNmCZuYKrbdSUMG6I1ZCGQRefkRVhuOkIGVne7BQ35DSfo1qvJqFg==}
    engines: {node: '>=0.8.0'}

  esprima@1.0.4:
    resolution: {integrity: sha512-rp5dMKN8zEs9dfi9g0X1ClLmV//WRyk/R15mppFNICIFRG5P92VP7Z04p8pk++gABo9W2tY+kHyu6P1mEHgmTA==}
    engines: {node: '>=0.4.0'}
    hasBin: true

  eventemitter2@0.4.14:
    resolution: {integrity: sha512-K7J4xq5xAD5jHsGM5ReWXRTFa3JRGofHiMcVgQ8PRwgWxzjHpMWCIzsmyf60+mh8KLsqYPcjUMa0AC4hd6lPyQ==}

  exit@0.1.2:
    resolution: {integrity: sha512-Zk/eNKV2zbjpKzrsQ+n1G6poVbErQxJ0LBOJXaKZ1EViLzH+hrLu9cdXI4zw9dBQJslwBEpbQ2P1oS7nDxs6jQ==}
    engines: {node: '>= 0.8.0'}

  faye-websocket@0.10.0:
    resolution: {integrity: sha512-Xhj93RXbMSq8urNCUq4p9l0P6hnySJ/7YNRhYNug0bLOuii7pKO7xQFb5mx9xZXWCar88pLPb805PvUkwrLZpQ==}
    engines: {node: '>=0.4.0'}

  figures@1.7.0:
    resolution: {integrity: sha512-UxKlfCRuCBxSXU4C6t9scbDyWZ4VlaFFdojKtzJuSkuOBQ5CNFum+zZXFwHjo+CxBC1t6zlYPgHIgFjL8ggoEQ==}
    engines: {node: '>=0.10.0'}

  findup-sync@0.1.3:
    resolution: {integrity: sha512-yjftfYnF4ThYEvKEV/kEFR15dmtyXTAh3vQnzpJUoc7Naj5y1P0Ck7Zs1+Vroa00E3KT3IYsk756S+8WA5dNLw==}
    engines: {node: '>= 0.6.0'}

  forever-agent@0.5.2:
    resolution: {integrity: sha512-PDG5Ef0Dob/JsZUxUltJOhm/Y9mlteAE+46y3M9RBz/Rd3QVENJ75aGRhN56yekTUboaBIkd8KVWX2NjF6+91A==}

  form-data@0.1.4:
    resolution: {integrity: sha512-x8eE+nzFtAMA0YYlSxf/Qhq6vP1f8wSoZ7Aw1GuctBcmudCNuTUmmx45TfEplyb6cjsZO/jvh6+1VpZn24ez+w==}
    engines: {node: '>= 0.8'}

  fs.realpath@1.0.0:
    resolution: {integrity: sha512-OO0pH2lK6a0hZnAdau5ItzHPI6pUlvI7jMVnxUQRtw4owF2wk8lOSabtGDCTP4Ggrg2MbGnWO9X8K1t4+fGMDw==}

  function-bind@1.1.2:
    resolution: {integrity: sha512-7XHNxH7qX9xG5mIwxkhumTox/MIRNcOgDrxWsMt2pAr23WHp6MrRlN7FBSFpCpr+oVO0F744iUgR82nJMfG2SA==}

  gaze@1.1.3:
    resolution: {integrity: sha512-BRdNm8hbWzFzWHERTrejLqwHDfS4GibPoq5wjTPIoJHoBtKGPg3xAFfxmM+9ztbXelxcf2hwQcaz1PtmFeue8g==}
    engines: {node: '>= 4.0.0'}

  get-intrinsic@1.2.7:
    resolution: {integrity: sha512-VW6Pxhsrk0KAOqs3WEd0klDiF/+V7gQOpAvY1jVU/LHmaD/kQO4523aiJuikX/QAKYiW6x8Jh+RJej1almdtCA==}
    engines: {node: '>= 0.4'}

  get-proto@1.0.1:
    resolution: {integrity: sha512-sTSfBjoXBp89JvIKIefqw7U2CCebsc74kiY6awiGogKtoSGbgjYE/G/+l9sF3MWFPNc9IcoOC4ODfKHfxFmp0g==}
    engines: {node: '>= 0.4'}

  getobject@0.1.0:
    resolution: {integrity: sha512-hIGEBfnHcZpWkXPsAVeVmpYDvfy/matVl03yOY91FPmnpCC12Lm5izNxCjO3lHAeO6uaTwMxu7g450Siknlhig==}
    engines: {node: '>= 0.8.0'}

  glob@3.1.21:
    resolution: {integrity: sha512-ANhy2V2+tFpRajE3wN4DhkNQ08KDr0Ir1qL12/cUe5+a7STEK8jkW4onUYuY8/06qAFuT5je7mjAqzx0eKI2tQ==}
    deprecated: Glob versions prior to v9 are no longer supported

  glob@3.2.11:
    resolution: {integrity: sha512-hVb0zwEZwC1FXSKRPFTeOtN7AArJcJlI6ULGLtrstaswKNlrTJqAA+1lYlSUop4vjA423xlBzqfVS3iWGlqJ+g==}
    deprecated: Glob versions prior to v9 are no longer supported

  glob@7.1.7:
    resolution: {integrity: sha512-OvD9ENzPLbegENnYP5UUfJIirTg4+XwMWGaQfQTY0JenxNvvIKP3U3/tAQSPIu/lHxXYSZmpXlUHeqAIdKzBLQ==}
    deprecated: Glob versions prior to v9 are no longer supported

  globule@1.3.4:
    resolution: {integrity: sha512-OPTIfhMBh7JbBYDpa5b+Q5ptmMWKwcNcFSR/0c6t8V4f3ZAVBEsKNY37QdVqmLRYSMhOUGYrY0QhSoEpzGr/Eg==}
    engines: {node: '>= 0.10'}

  gopd@1.2.0:
    resolution: {integrity: sha512-ZUKRh6/kUFoAiTAtTYPZJ3hw9wNxx+BIBOijnlG9PnrJsCcSjs1wyyD6vJpaYtgnzDrKYRSqf3OO6Rfa93xsRg==}
    engines: {node: '>= 0.4'}

  graceful-fs@1.2.3:
    resolution: {integrity: sha512-iiTUZ5vZ+2ZV+h71XAgwCSu6+NAizhFU3Yw8aC/hH5SQ3SnISqEqAek40imAFGtDcwJKNhXvSY+hzIolnLwcdQ==}
    engines: {node: '>=0.4.0'}
    deprecated: please upgrade to graceful-fs 4 for compatibility with current and future versions of Node.js

  graceful-fs@3.0.12:
    resolution: {integrity: sha512-J55gaCS4iTTJfTXIxSVw3EMQckcqkpdRv3IR7gu6sq0+tbC363Zx6KH/SEwXASK9JRbhyZmVjJEVJIOxYsB3Qg==}
    engines: {node: '>=0.4.0'}

  grunt-banner@0.2.3:
    resolution: {integrity: sha512-WwHgvZMR9rZIbrNRQfc5iIN0SoJKNPgSeBuMMHMeLZ/EDw6sArmSqMqRoUYxt8ItYLPyKYjbdPtCFJH+2wAo+g==}
    engines: {node: '>= 0.8.0'}
    peerDependencies:
      grunt: ~0.4.1

  grunt-contrib-less@0.11.4:
    resolution: {integrity: sha512-IOelFvXMPKOzGxdfLD2IK8PCkzEd+LPRpE/y4xPPKAkHOEiE0jkDbbkpzVecQvDJ4os4yPwb0xtgQ90fWmBbag==}
    engines: {node: '>=0.10.0'}
    peerDependencies:
      grunt: ~0.4.0

  grunt-contrib-uglify@0.5.1:
    resolution: {integrity: sha512-3BBGfjVFUax3DeCuS8TerPZmEJ79GaIHw1m+HCFfSufpFnI37ySZb13iUewl3opQYPKCKXZrHa/xw1qg+J5qKg==}
    engines: {node: '>=0.10.0'}
    peerDependencies:
      grunt: ~0.4.0

  grunt-contrib-watch@1.1.0:
    resolution: {integrity: sha512-yGweN+0DW5yM+oo58fRu/XIRrPcn3r4tQx+nL7eMRwjpvk+rQY6R8o94BPK0i2UhTg9FN21hS+m8vR8v9vXfeg==}
    engines: {node: '>=0.10.0'}

  grunt-legacy-log-utils@0.1.1:
    resolution: {integrity: sha512-D0vbUX00TFYCKNZtcZzemMpwT8TR/FdRs1pmfiBw6qnUw80PfsjV+lhIozY/3eJ3PSG2zj89wd2mH/7f4tNAlw==}
    engines: {node: '>= 0.8.0'}

  grunt-legacy-log@0.1.3:
    resolution: {integrity: sha512-qYs/uM0ImdzwIXLhS4O5WLV5soAM+PEqqHI/hzSxlo450ERSccEhnXqoeDA9ZozOdaWuYnzTOTwRcVRogleMxg==}
    engines: {node: '>= 0.8.0'}

  grunt-legacy-util@0.2.0:
    resolution: {integrity: sha512-cXPbfF8aM+pvveQeN1K872D5fRm30xfJWZiS63Y8W8oyIPLClCsmI8bW96Txqzac9cyL4lRqEBhbhJ3n5EzUUQ==}
    engines: {node: '>= 0.8.0'}

  grunt@0.4.5:
    resolution: {integrity: sha512-1iq3ylLjzXqz/KSq1OAE2qhnpcbkF2WyhsQcavZt+YmgvHu0EbPMEhGhy2gr0FP67isHpRdfwjB5WVeXXcJemQ==}
    engines: {node: '>= 0.8.0'}

  gzip-size@0.1.1:
    resolution: {integrity: sha512-G7KBsKYrNbs0BuoiPkRvbbI+mpa9wfjYTcdAyh9/eo9rBy05F/csSMmbNTkPgKY+nWgUszPV6kQ8lm0E9vBTnQ==}
    engines: {node: '>=0.10.0'}
    hasBin: true

  gzip-size@0.2.0:
    resolution: {integrity: sha512-0b7+rnImJJ2ShduJuITFweChFcOOHmxLBTfNczxTFsidRzfG/w5GJl44ps1z84z3oR3gYvjn0Um6qOL1jqPyRQ==}
    engines: {node: '>=0.10.0'}
    hasBin: true

  has-ansi@0.1.0:
    resolution: {integrity: sha512-1YsTg1fk2/6JToQhtZkArMkurq8UoWU1Qe0aR3VUHjgij4nOylSWLWAtBXoZ4/dXOmugfLGm1c+QhuD0JyedFA==}
    engines: {node: '>=0.10.0'}
    hasBin: true

  has-color@0.1.7:
    resolution: {integrity: sha512-kaNz5OTAYYmt646Hkqw50/qyxP2vFnTVu5AQ1Zmk22Kk5+4Qx6BpO8+u7IKsML5fOsFk0ZT0AcCJNYwcvaLBvw==}
    engines: {node: '>=0.10.0'}

  has-symbols@1.1.0:
    resolution: {integrity: sha512-1cDNdwJ2Jaohmb3sg4OmKaMBwuC48sYni5HUw2DvsC8LjGTLK9h+eb1X6RyuOHe4hT0ULCW68iomhjUoKUqlPQ==}
    engines: {node: '>= 0.4'}

  hasown@2.0.2:
    resolution: {integrity: sha512-0hJU9SCPvmMzIBdZFqNPXWa6dqh7WdH0cII9y+CyS8rG3nL48Bclra9HmKhVVUHyPWNH5Y7xDwAB7bfgSjkUMQ==}
    engines: {node: '>= 0.4'}

  hawk@1.1.1:
    resolution: {integrity: sha512-am8sVA2bCJIw8fuuVcKvmmNnGFUGW8spTkVtj2fXTEZVkfN42bwFZFtDem57eFi+NSxurJB8EQ7Jd3uCHLn8Vw==}
    engines: {node: '>=0.8.0'}
    deprecated: This module moved to @hapi/hawk. Please make sure to switch over as this distribution is no longer supported and may contain bugs and critical security issues.

  hoek@0.9.1:
    resolution: {integrity: sha512-ZZ6eGyzGjyMTmpSPYVECXy9uNfqBR7x5CavhUaLOeD6W0vWK1mp/b7O3f86XE0Mtfo9rZ6Bh3fnuw9Xr8MF9zA==}
    engines: {node: '>=0.8.0'}
    deprecated: This version has been deprecated in accordance with the hapi support policy (hapi.im/support). Please upgrade to the latest version to get the best features, bug fixes, and security patches. If you are unable to upgrade at this time, paid support is available for older versions (hapi.im/commercial).

  hooker@0.2.3:
    resolution: {integrity: sha512-t+UerCsQviSymAInD01Pw+Dn/usmz1sRO+3Zk1+lx8eg+WKpD2ulcwWqHHL0+aseRBr+3+vIhiG1K1JTwaIcTA==}

  http-parser-js@0.5.9:
    resolution: {integrity: sha512-n1XsPy3rXVxlqxVioEWdC+0+M+SQw0DpJynwtOPo1X+ZlvdzTLtDBIJJlDQTnwZIFJrZSzSGmIOUdP8tu+SgLw==}

  http-signature@0.10.1:
    resolution: {integrity: sha512-coK8uR5rq2IMj+Hen+sKPA5ldgbCc1/spPdKCL1Fw6h+D0s/2LzMcRK0Cqufs1h0ryx/niwBHGFu8HC3hwU+lA==}
    engines: {node: '>=0.8'}

  iconv-lite@0.2.11:
    resolution: {integrity: sha512-KhmFWgaQZY83Cbhi+ADInoUQ8Etn6BG5fikM9syeOjQltvR45h7cRKJ/9uvQEuD61I3Uju77yYce0/LhKVClQw==}
    engines: {node: '>=0.4.0'}

  inflight@1.0.6:
    resolution: {integrity: sha512-k92I/b08q4wvFscXCLvqfsHCrjrF7yiXsQuIVvVE7N82W3+aqpzuUdBbfhWcy/FZR3/4IgflMgKLOsvPDrGCJA==}
    deprecated: This module is not supported, and leaks memory. Do not use it. Check out lru-cache if you want a good and tested way to coalesce async requests by a key value, which is much more comprehensive and powerful.

  inherits@1.0.2:
    resolution: {integrity: sha512-Al67oatbRSo3RV5hRqIoln6Y5yMVbJSIn4jEJNL7VCImzq/kLr7vvb6sFRJXqr8rpHc/2kJOM+y0sPKN47VdzA==}

  inherits@2.0.4:
    resolution: {integrity: sha512-k/vGaX4/Yla3WzyMCvTQOXYeIHvqOKtnqBduzTHpzpQZzAskKMhZ2K+EnBiSM9zGSoIFeMpXKxa4dYeZIQqewQ==}

  is-buffer@1.1.6:
    resolution: {integrity: sha512-NcdALwpXkTm5Zvvbk7owOUSvVvBKDgKP5/ewfXEznmQFfs4ZRmanOeKBTjRVjka3QFoN6XJ+9F3USqfHqTaU5w==}

  isarray@1.0.0:
    resolution: {integrity: sha512-VLghIWNM6ELQzo7zwmcg0NmTVyWKYjvIeM83yjp0wRDTmUnrM678fQbcKBo6n2CJEF0szoG//ytg+TKla89ALQ==}

  js-yaml@2.0.5:
    resolution: {integrity: sha512-VEKcIksckDBUhg2JS874xVouiPkywVUh4yyUmLCDe1Zg3bCd6M+F1eGPenPeHLc2XC8pp9G8bsuofK0NeEqRkA==}
    engines: {node: '>= 0.6.0'}
    hasBin: true

  json-stringify-safe@5.0.1:
    resolution: {integrity: sha512-ZClg6AaYvamvYEE82d3Iyd3vSSIjQ+odgjaTzRuO3s7toCdFKczob2i0zCh7JE8kWn17yvAWhUVxvqGwUalsRA==}

  jsonify@0.0.1:
    resolution: {integrity: sha512-2/Ki0GcmuqSrgFyelQq9M05y7PS0mEwuIzrf3f1fPqkVDVRvZrPZtVSMHxdgo8Aq0sxAOb/cr2aqqA3LeWHVPg==}

  kind-of@3.2.2:
    resolution: {integrity: sha512-NOW9QQXMoZGg/oqnVNoNTTIFEIid1627WCffUBJEdMxYApq7mNE7CpzucIPc+ZQg25Phej7IJSmX3hO+oblOtQ==}
    engines: {node: '>=0.10.0'}

  lazy-cache@1.0.4:
    resolution: {integrity: sha512-RE2g0b5VGZsOCFOCgP7omTRYFqydmZkBwl5oNnQ1lDYC57uyO9KqNnNVxT7COSHTxrRCWVcAVOcbjk+tvh/rgQ==}
    engines: {node: '>=0.10.0'}

  less@1.7.5:
    resolution: {integrity: sha512-+cddvg94fFlyJUijF+jO8Dvrr1RWIAf3l/kXDUiQ65za+o468iA9jwal2dcKnmJTHTFqnQQGo2jT1pJqAlI73Q==}
    engines: {node: '>=0.8.0'}
    hasBin: true

  livereload-js@2.4.0:
    resolution: {integrity: sha512-XPQH8Z2GDP/Hwz2PCDrh2mth4yFejwA1OZ/81Ti3LgKyhDcEjsSsqFWZojHG0va/duGd+WyosY7eXLDoOyqcPw==}

  lodash@0.9.2:
    resolution: {integrity: sha512-LVbt/rjK62gSbhehDVKL0vlaime4Y1IBixL+bKeNfoY4L2zab/jGrxU6Ka05tMA/zBxkTk5t3ivtphdyYupczw==}
    engines: {'0': node, '1': rhino}

  lodash@2.4.2:
    resolution: {integrity: sha512-Kak1hi6/hYHGVPmdyiZijoQyz5x2iGVzs6w9GYB/HiXEtylY7tIoYEROMjvM1d9nXJqPOrG2MNPMn01bJ+S0Rw==}
    engines: {'0': node, '1': rhino}

  lodash@4.17.21:
    resolution: {integrity: sha512-v2kDEe57lecTulaDIuNTPy3Ry4gLGJ6Z1O3vE1krgXZNrsQ+LFTGHVxVjcXPs17LhbZVGedAJv8XZ1tvj5FvSg==}

  longest@1.0.1:
    resolution: {integrity: sha512-k+yt5n3l48JU4k8ftnKG6V7u32wyH2NfKzeMto9F/QRE0amxy/LayxwlvjjkZEIzqR+19IrtFO8p5kB9QaYUFg==}
    engines: {node: '>=0.10.0'}

  lru-cache@2.7.3:
    resolution: {integrity: sha512-WpibWJ60c3AgAz8a2iYErDrcT2C7OmKnsWhIcHOjkUHFjkXncJhtLxNSqUmxRxRunpb5I8Vprd7aNSd2NtksJQ==}

  math-intrinsics@1.1.0:
    resolution: {integrity: sha512-/IXtbwEk5HTPyEwyKX6hGkYXxM9nbj64B+ilVJnC/R6B0pH5G4V3b0pVbL7DBj4tkhBAppbQUlf6F6Xl9LHu1g==}
    engines: {node: '>= 0.4'}

  maxmin@0.1.0:
    resolution: {integrity: sha512-grP8Hy0DIXklhjV9qWtQS2i5DIUYaErKIjxIa5N8pq/fka7khzyYuyimAYszFlWmMw6ZTsR+uwS6fjhGy+5vyg==}
    engines: {node: '>=0.10.0'}

  maxmin@0.2.2:
    resolution: {integrity: sha512-JZV7hp+e52/AaOkJVht/iorFiXW3+JKBbzbR1f7goiNZCTxTi131ciVmQefGLuVtkIM01bGC7EczsYmIG3baEw==}
    engines: {node: '>=0.10.0'}

  mime-types@1.0.2:
    resolution: {integrity: sha512-echfutj/t5SoTL4WZpqjA1DCud1XO0WQF3/GJ48YBmc4ZMhCK77QA6Z/w6VTQERLKuJ4drze3kw2TUT8xZXVNw==}
    engines: {node: '>= 0.8.0'}

  mime@1.2.11:
    resolution: {integrity: sha512-Ysa2F/nqTNGHhhm9MV8ure4+Hc+Y8AWiqUdHxsO7xu8zc92ND9f3kpALHjaP026Ft17UfxrMt95c50PLUeynBw==}

  minimatch@0.2.14:
    resolution: {integrity: sha512-zZ+Jy8lVWlvqqeM8iZB7w7KmQkoJn8djM585z88rywrEbzoqawVa9FR5p2hwD+y74nfuKOjmNvi9gtWJNLqHvA==}
    deprecated: Please update to minimatch 3.0.2 or higher to avoid a RegExp DoS issue

  minimatch@0.3.0:
    resolution: {integrity: sha512-WFX1jI1AaxNTZVOHLBVazwTWKaQjoykSzCBNXB72vDTCzopQGtyP91tKdFK5cv1+qMwPyiTu1HqUriqplI8pcA==}
    deprecated: Please update to minimatch 3.0.2 or higher to avoid a RegExp DoS issue

  minimatch@3.0.8:
    resolution: {integrity: sha512-6FsRAQsxQ61mw+qP1ZzbL9Bc78x2p5OqNgNpnoAFLTrX8n5Kxph0CsnhmKKNXTWjXqU5L0pGPR7hYk+XWZr60Q==}

  minimist@1.2.8:
    resolution: {integrity: sha512-2yyAR8qBkN3YuheJanUpWC5U3bb5osDywNB8RzDVlDwDHbocAJveqqj1u8+SVD7jkWT4yvsHCpWqqWqAxb0zCA==}

  mkdirp@0.5.6:
    resolution: {integrity: sha512-FP+p8RB8OWpF3YZBCrP5gtADmtXApB5AMLn+vdyA+PyxCjrCs00mjyUozssO33cwDeT3wNGdLxJ5M//YqtHAJw==}
    hasBin: true

  ms@2.1.3:
    resolution: {integrity: sha512-6FlzubTLZG3J2a/NVCAleEhjzq5oxgHyaCU9yYXvcLsvoVaHJq/s5xXI6/XXP6tz7R9xAOtHnSO/tXtF3WRTlA==}

  natives@1.1.6:
    resolution: {integrity: sha512-6+TDFewD4yxY14ptjKaS63GVdtKiES1pTPyxn9Jb0rBqPMZ7VcCiooEhPNsr+mqHtMGxa/5c/HhcC4uPEUw/nA==}
    deprecated: This module relies on Node.js's internals and will break at some point. Do not use it, and update to graceful-fs@4.x.

  node-uuid@1.4.8:
    resolution: {integrity: sha512-TkCET/3rr9mUuRp+CpO7qfgT++aAxfDRaalQhwPFzI9BY/2rCDn6OfpZOVggi1AXfTPpfkTrg5f5WQx5G1uLxA==}
    deprecated: Use uuid module instead
    hasBin: true

  nopt@1.0.10:
    resolution: {integrity: sha512-NWmpvLSqUrgrAC9HCuxEvb+PSloHpqVu+FqcO4eeF2h5qYRhA7ev6KvelyQAKtegUbC6RypJnlEOhd8vloNKYg==}
    hasBin: true

  oauth-sign@0.3.0:
    resolution: {integrity: sha512-Tr31Sh5FnK9YKm7xTUPyDMsNOvMqkVDND0zvK/Wgj7/H9q8mpye0qG2nVzrnsvLhcsX5DtqXD0la0ks6rkPCGQ==}

  object-assign@4.1.1:
    resolution: {integrity: sha512-rJgTQnkUnH1sFw8yT6VSU3zD3sWmu6sZhIseY8VX+GRu3P6F7Fu+JNDoXfklElbLJSnc3FUQHVe4cU5hj+BcUg==}
    engines: {node: '>=0.10.0'}

  object-inspect@1.13.3:
    resolution: {integrity: sha512-kDCGIbxkDSXE3euJZZXzc6to7fCrKHNI/hSRQnRuQ+BWjFNzZwiFF8fj/6o2t2G9/jTj8PSIYTfCLelLZEeRpA==}
    engines: {node: '>= 0.4'}

  once@1.4.0:
    resolution: {integrity: sha512-lNaJgI+2Q5URQBkccEKHTQOPaXdUxnZZElQTZY0MFUAuaEqe1E+Nyvgdz/aIyNi6Z9MzO5dv1H8n58/GELp3+w==}

  pako@0.2.9:
    resolution: {integrity: sha512-NUcwaKxUxWrZLpDG+z/xZaCgQITkA/Dv4V/T6bw7VON6l1Xz/VnrBqrYjZQ12TamKHzITTfOEIYUj48y2KXImA==}

  path-is-absolute@1.0.1:
    resolution: {integrity: sha512-AVbw3UJ2e9bq64vSaS9Am0fje1Pa8pbGqTTsmXfaIiMpnr5DlDhfJOuLj9Sf95ZPVDAUerDfEk88MPmPe7UCQg==}
    engines: {node: '>=0.10.0'}

  pretty-bytes@0.1.2:
    resolution: {integrity: sha512-TYOKOXttAHbRtQZJGClkQml5sKaM12gGe7xW/SNJkBVs2Jrg1RGTa8a+oM75daQEqKFrFk4MTmvVsgt7uCCc+Q==}
    engines: {node: '>=0.10.0'}
    hasBin: true

  process-nextick-args@2.0.1:
    resolution: {integrity: sha512-3ouUOpQhtgrbOa17J7+uxOTpITYWaGP7/AhoR3+A+/1e9skrzelGi/dXzEYyvbxubEF6Wn2ypscTKiKJFFn1ag==}

  qs@1.0.2:
    resolution: {integrity: sha512-tHuOP9TN/1VmDM/ylApGK1QF3PSIP8I6bHDEfoKNQeViREQ/sfu1bAUrA1hoDun8p8Tpm7jcsz47g+3PiGoYdg==}

  qs@6.14.0:
    resolution: {integrity: sha512-YWWTjgABSKcvs/nWBi9PycY/JiPJqOD4JA6o9Sej2AtvSGarXxKC3OQSk4pAarbdQlKAh5D4FCQkJNkW+GAn3w==}
    engines: {node: '>=0.6'}

  raw-body@1.1.7:
    resolution: {integrity: sha512-WmJJU2e9Y6M5UzTOkHaM7xJGAPQD8PNzx3bAd2+uhZAim6wDk6dAZxPVYLF67XhbR4hmKGh33Lpmh4XWrCH5Mg==}
    engines: {node: '>= 0.8.0'}

  readable-stream@2.3.8:
    resolution: {integrity: sha512-8p0AUk4XODgIewSi0l8Epjs+EVnWiK7NoDIEGU0HhE7+ZyY8D1IMY7odu5lRrFXGg71L15KG8QrPmum45RTtdA==}

  repeat-string@1.6.1:
    resolution: {integrity: sha512-PV0dzCYDNfRi1jCDbJzpW7jNNDRuCOG/jI5ctQcGKt/clZD+YcPS3yIlWuTJMmESC8aevCFmWJy5wjAFgNqN6w==}
    engines: {node: '>=0.10'}

  request@2.40.0:
    resolution: {integrity: sha512-waNoGB4Z7bPn+lgqPk7l7hhze4Vd68jKccnwLeS7vr9GMxz0iWQbYTbBNWzfIk87Urx7V44pu29qjF/omej+Fw==}
    engines: {'0': node >= 0.8.0}
    deprecated: request has been deprecated, see https://github.com/request/request/issues/3142

  right-align@0.1.3:
    resolution: {integrity: sha512-yqINtL/G7vs2v+dFIZmFUDbnVyFUJFKd6gK22Kgo6R4jfJGFtisKyncWDDULgjfqf4ASQuIQyjJ7XZ+3aWpsAg==}
    engines: {node: '>=0.10.0'}

  rimraf@2.2.8:
    resolution: {integrity: sha512-R5KMKHnPAQaZMqLOsyuyUmcIjSeDm+73eoqQpaXA7AZ22BL+6C+1mcUscgOsNd8WVlJuvlgAPsegcx7pjlV0Dg==}
    deprecated: Rimraf versions prior to v4 are no longer supported
    hasBin: true

  safe-buffer@5.1.2:
    resolution: {integrity: sha512-Gd2UZBJDkXlY7GbJxfsE8/nvKkUEU1G38c1siN6QP6a9PT9MmHB8GnpscSmMJSoF8LOIrt8ud/wPtojys4G6+g==}

  safe-buffer@5.2.1:
    resolution: {integrity: sha512-rp3So07KcdmmKbGvgaNxQSJr7bGVSVk5S9Eq1F+ppbRo70+YeaDxkw5Dd8NPN+GD6bjnYm2VuPuCXmpuYvmCXQ==}

  safe-json-parse@1.0.1:
    resolution: {integrity: sha512-o0JmTu17WGUaUOHa1l0FPGXKBfijbxK6qoHzlkihsDXxzBHvJcA7zgviKR92Xs841rX9pK16unfphLq0/KqX7A==}

  side-channel-list@1.0.0:
    resolution: {integrity: sha512-FCLHtRD/gnpCiCHEiJLOwdmFP+wzCmDEkc9y7NsYxeF4u7Btsn1ZuwgwJGxImImHicJArLP4R0yX4c2KCrMrTA==}
    engines: {node: '>= 0.4'}

  side-channel-map@1.0.1:
    resolution: {integrity: sha512-VCjCNfgMsby3tTdo02nbjtM/ewra6jPHmpThenkTYh8pG9ucZ/1P8So4u4FGBek/BjpOVsDCMoLA/iuBKIFXRA==}
    engines: {node: '>= 0.4'}

  side-channel-weakmap@1.0.2:
    resolution: {integrity: sha512-WPS/HvHQTYnHisLo9McqBHOJk2FkHO/tlpvldyrnem4aeQp4hai3gythswg6p01oSoTl58rcpiFAjF2br2Ak2A==}
    engines: {node: '>= 0.4'}

  side-channel@1.1.0:
    resolution: {integrity: sha512-ZX99e6tRweoUXqR+VBrslhda51Nh5MTQwou5tnUDgbtyM0dBgmhEDtWGP/xbKn6hqfPRHujUNwz5fy/wbbhnpw==}
    engines: {node: '>= 0.4'}

  sigmund@1.0.1:
    resolution: {integrity: sha512-fCvEXfh6NWpm+YSuY2bpXb/VIihqWA6hLsgboC+0nl71Q7N7o2eaCW8mJa/NLvQhs6jpd3VZV4UiUQlV6+lc8g==}

  sntp@0.2.4:
    resolution: {integrity: sha512-bDLrKa/ywz65gCl+LmOiIhteP1bhEsAAzhfMedPoiHP3dyYnAevlaJshdqb9Yu0sRifyP/fRqSt8t+5qGIWlGQ==}
    engines: {node: '>=0.8.0'}
    deprecated: This module moved to @hapi/sntp. Please make sure to switch over as this distribution is no longer supported and may contain bugs and critical security issues.

  source-map@0.1.43:
    resolution: {integrity: sha512-VtCvB9SIQhk3aF6h+N85EaqIaBFIAfZ9Cu+NJHHVvc8BbEcnvDcFw6sqQ2dQrT6SlOrZq3tIvyD9+EGq/lJryQ==}
    engines: {node: '>=0.8.0'}

  source-map@0.5.7:
    resolution: {integrity: sha512-LbrmJOMUSdEVxIKvdcJzQC+nQhe8FUZQTXQy6+I75skNgn3OoQ0DZA8YnFa7gp8tqtL3KPf1kmo0R5DoApeSGQ==}
    engines: {node: '>=0.10.0'}

  string-template@0.2.1:
    resolution: {integrity: sha512-Yptehjogou2xm4UJbxJ4CxgZx12HBfeystp0y3x7s4Dj32ltVVG1Gg8YhKjHZkHicuKpZX/ffilA8505VbUbpw==}

  string_decoder@0.10.31:
    resolution: {integrity: sha512-ev2QzSzWPYmy9GuqfIVildA4OdcGLeFZQrq5ys6RtiuF+RQQiZWr8TZNyAcuVXyQRYfEO+MsoB/1BuQVhOJuoQ==}

  string_decoder@1.1.1:
    resolution: {integrity: sha512-n/ShnvDi6FHbbVfviro+WojiFzv+s8MPMHBczVePfUpDJLwoLT0ht1l4YwBCbi8pJAveEEdnkHyPyTP/mzRfwg==}

  stringstream@0.0.6:
    resolution: {integrity: sha512-87GEBAkegbBcweToUrdzf3eLhWNg06FJTebl4BVJz/JgWy8CvEr9dRtX5qWphiynMSQlxxi+QqN0z5T32SLlhA==}

  strip-ansi@0.1.1:
    resolution: {integrity: sha512-behete+3uqxecWlDAm5lmskaSaISA+ThQ4oNNBDTBJt0x2ppR6IPqfZNuj6BLaLJ/Sji4TPZlcRyOis8wXQTLg==}
    engines: {node: '>=0.8.0'}
    hasBin: true

  strip-ansi@0.3.0:
    resolution: {integrity: sha512-DerhZL7j6i6/nEnVG0qViKXI0OKouvvpsAiaj7c+LfqZZZxdwZtv8+UiA/w4VUJpT8UzX0pR1dcHOii1GbmruQ==}
    engines: {node: '>=0.10.0'}
    hasBin: true

  supports-color@0.2.0:
    resolution: {integrity: sha512-tdCZ28MnM7k7cJDJc7Eq80A9CsRFAAOZUy41npOZCs++qSjfIy7o5Rh46CBk+Dk5FbKJ33X3Tqg4YrV07N5RaA==}
    engines: {node: '>=0.10.0'}
    hasBin: true

  tape@0.2.2:
    resolution: {integrity: sha512-bfyf/0yv2FZVsf80b7oo50Lyi35sfjE7VM6206du7LtpbdQP8rbLhZy/stuS/Dcq4w6jE1Pz2zFrHtfeOKbaUA==}

  tiny-lr@1.1.1:
    resolution: {integrity: sha512-44yhA3tsaRoMOjQQ+5v5mVdqef+kH6Qze9jTpqtVufgYjYt08zyZAwNwwVBj3i1rJMnR52IxOW0LK0vBzgAkuA==}

  tldts-core@6.1.74:
    resolution: {integrity: sha512-gTwtY6L2GfuxiL4CWpLknv9JDYYqBvKCk/BT5uAaAvCA0s6pzX7lr2IrkQZSUlnSjRHIjTl8ZwKCVXJ7XNRWYw==}

  tldts@6.1.74:
    resolution: {integrity: sha512-O5vTZ1UmmEmrLl/59U9igitnSMlprALLaLgbv//dEvjobPT9vyURhHXKMCDLEhn3qxZFIkb9PwAfNYV0Ol7RPQ==}
    hasBin: true

  tough-cookie@5.1.0:
    resolution: {integrity: sha512-rvZUv+7MoBYTiDmFPBrhL7Ujx9Sk+q9wwm22x8c8T5IJaR+Wsyc7TNxbVxo84kZoRJZZMazowFLqpankBEQrGg==}
    engines: {node: '>=16'}

  tunnel-agent@0.4.3:
    resolution: {integrity: sha512-e0IoVDWx8SDHc/hwFTqJDQ7CCDTEeGhmcT9jkWJjoGQSpgBz20nAMr80E3Tpk7PatJ1b37DQDgJR3CNSzcMOZQ==}

  typedarray@0.0.6:
    resolution: {integrity: sha512-/aCDEGatGvZ2BIk+HmLf4ifCJFwvKFNb9/JeZPMulfgFracn9QFcAf5GO8B/mweUjSoblS5In0cWhqpfs/5PQA==}

  uglify-js@2.8.29:
    resolution: {integrity: sha512-qLq/4y2pjcU3vhlhseXGGJ7VbFO4pBANu0kwl8VCa9KEI0V8VfZIx2Fy3w01iSTA/pGwKZSmu/+I4etLNDdt5w==}
    engines: {node: '>=0.8.0'}
    hasBin: true

  uglify-to-browserify@1.0.2:
    resolution: {integrity: sha512-vb2s1lYx2xBtUgy+ta+b2J/GLVUR+wmpINwHePmPRhOsIVCG2wDzKJ0n14GslH1BifsqVzSOwQhRaCAsZ/nI4Q==}

  underscore.string@2.2.1:
    resolution: {integrity: sha512-3FVmhXqelrj6gfgp3Bn6tOavJvW0dNH2T+heTD38JRxIrAbiuzbqjknszoOYj3DyFB1nWiLj208Qt2no/L4cIA==}

  underscore.string@2.3.3:
    resolution: {integrity: sha512-hbD5MibthuDAu4yA5wxes5bzFgqd3PpBJuClbRxaNddxfdsz+qf+1kHwrGQFrmchmDHb9iNU+6EHDn8uj0xDJg==}

  underscore.string@2.4.0:
    resolution: {integrity: sha512-yxkabuCaIBnzfIvX3kBxQqCs0ar/bfJwDnFEHJUm/ZrRVhT3IItdRF5cZjARLzEnyQYtIUhsZ2LG2j3HidFOFQ==}

  underscore@1.7.0:
    resolution: {integrity: sha512-cp0oQQyZhUM1kpJDLdGO1jPZHgS/MpzoWYfe9+CM2h/QGDZlqwT2T3YGukuBdaNJ/CAPoeyAZRRHz8JFo176vA==}

  util-deprecate@1.0.2:
    resolution: {integrity: sha512-EPD5q1uXyFxJpCrLnCc1nHnq3gOa6DZBocAIiI2TaSCA7VCJ1UJDMagCzIkXNsUYfD1daK//LTEQ8xiIbrHtcw==}

  websocket-driver@0.7.4:
    resolution: {integrity: sha512-b17KeDIQVjvb0ssuSDF2cYXSg2iztliJ4B9WdsuB6J952qCPKmnVq4DyW5motImXHDC1cBT/1UezrJVsKw5zjg==}
    engines: {node: '>=0.8.0'}

  websocket-extensions@0.1.4:
    resolution: {integrity: sha512-OqedPIGOfsDlo31UNwYbCFMSaO9m9G/0faIHj5/dZFDMFqPTcx6UwqyOy3COEaEOg/9VsGIpdqn62W5KhoKSpg==}
    engines: {node: '>=0.8.0'}

  which@1.0.9:
    resolution: {integrity: sha512-E87fdQ/eRJr9W1X4wTPejNy9zTW3FI2vpCZSJ/HAY+TkjKVC0TUm1jk6vn2Z7qay0DQy0+RBGdXxj+RmmiGZKQ==}
    hasBin: true

  window-size@0.1.0:
    resolution: {integrity: sha512-1pTPQDKTdd61ozlKGNCjhNRd+KPmgLSGa3mZTHoOliaGcESD8G1PXhh7c1fgiPjVbNVfgy2Faw4BI8/m0cC8Mg==}
    engines: {node: '>= 0.8.0'}

  wordwrap@0.0.2:
    resolution: {integrity: sha512-xSBsCeh+g+dinoBv3GAOWM4LcVVO68wLXRanibtBSdUvkGWQRGeE9P7IwU9EmDDi4jA6L44lz15CGMwdw9N5+Q==}
    engines: {node: '>=0.4.0'}

  wrappy@1.0.2:
    resolution: {integrity: sha512-l4Sp/DRseor9wL6EvV2+TuQn63dMkPjZ/sp9XkghTEbV9KlPS1xUsZ3u7/IQO4wxtcFB4bgpQPRcR3QCvezPcQ==}

  yargs@3.10.0:
    resolution: {integrity: sha512-QFzUah88GAGy9lyDKGBqZdkYApt63rCXYBGYnEP4xDJPXNqXXnBDACnbrXnViV6jRSqAePwrATi2i8mfYm4L1A==}

  zlib-browserify@0.0.3:
    resolution: {integrity: sha512-KW42YGoQKq7+oU46deeWMUsrPyBruEWV1DoObBTMfEC2LnTqQIrwKVKrPoz2mn5DXESW4Ca/lIP2MqGHrt/WFA==}

snapshots:

  abbrev@1.1.1: {}

  align-text@0.1.4:
    dependencies:
      kind-of: 3.2.2
      longest: 1.0.1
      repeat-string: 1.6.1

  amdefine@1.0.1:
    optional: true

  ansi-regex@0.2.1: {}

  ansi-styles@1.0.0: {}

  ansi-styles@1.1.0: {}

  argparse@0.1.16:
    dependencies:
      underscore: 1.7.0
      underscore.string: 2.4.0

  asn1@0.1.11:
    optional: true

  assert-plus@0.1.5:
    optional: true

  async@0.1.22: {}

  async@0.2.10: {}

  async@0.9.2:
    optional: true

  async@2.6.4:
    dependencies:
      lodash: 4.17.21

  aws-sign2@0.5.0:
    optional: true

  balanced-match@1.0.2: {}

  body@5.1.0:
    dependencies:
      continuable-cache: 0.3.1
      error: 7.2.1
      raw-body: 1.1.7
      safe-json-parse: 1.0.1

  boom@0.4.2:
    dependencies:
      hoek: 0.9.1
    optional: true

  brace-expansion@1.1.11:
    dependencies:
      balanced-match: 1.0.2
      concat-map: 0.0.1

  browserify-zlib@0.1.4:
    dependencies:
      pako: 0.2.9

  buffer-from@1.1.2: {}

  bytes@1.0.0: {}

  call-bind-apply-helpers@1.0.1:
    dependencies:
      es-errors: 1.3.0
      function-bind: 1.1.2

  call-bound@1.0.3:
    dependencies:
      call-bind-apply-helpers: 1.0.1
      get-intrinsic: 1.2.7

  camelcase@1.2.1: {}

  center-align@0.1.3:
    dependencies:
      align-text: 0.1.4
      lazy-cache: 1.0.4

  chalk@0.4.0:
    dependencies:
      ansi-styles: 1.0.0
      has-color: 0.1.7
      strip-ansi: 0.1.1

  chalk@0.5.1:
    dependencies:
      ansi-styles: 1.1.0
      escape-string-regexp: 1.0.5
      has-ansi: 0.1.0
      strip-ansi: 0.3.0
      supports-color: 0.2.0

  clean-css@2.2.23:
    dependencies:
      commander: 2.2.0
    optional: true

  cliui@2.1.0:
    dependencies:
      center-align: 0.1.3
      right-align: 0.1.3
      wordwrap: 0.0.2

  coffee-script@1.3.3: {}

  colors@0.6.2: {}

  combined-stream@0.0.7:
    dependencies:
      delayed-stream: 0.0.5
    optional: true

  commander@2.2.0:
    optional: true

  concat-map@0.0.1: {}

  concat-stream@1.6.2:
    dependencies:
      buffer-from: 1.1.2
      inherits: 2.0.4
      readable-stream: 2.3.8
      typedarray: 0.0.6

  continuable-cache@0.3.1: {}

  core-util-is@1.0.3: {}

  cryptiles@0.2.2:
    dependencies:
      boom: 0.4.2
    optional: true

  ctype@0.5.3:
    optional: true

  dateformat@1.0.2-1.2.3: {}

  debug@3.2.7:
    dependencies:
      ms: 2.1.3

  decamelize@1.2.0: {}

  deep-equal@0.0.0: {}

  defined@0.0.0: {}

  delayed-stream@0.0.5:
    optional: true

  dunder-proto@1.0.1:
    dependencies:
      call-bind-apply-helpers: 1.0.1
      es-errors: 1.3.0
      gopd: 1.2.0

  error@7.2.1:
    dependencies:
      string-template: 0.2.1

  es-define-property@1.0.1: {}

  es-errors@1.3.0: {}

  es-object-atoms@1.1.1:
    dependencies:
      es-errors: 1.3.0

  escape-string-regexp@1.0.5: {}

  esprima@1.0.4: {}

  eventemitter2@0.4.14: {}

  exit@0.1.2: {}

  faye-websocket@0.10.0:
    dependencies:
      websocket-driver: 0.7.4

  figures@1.7.0:
    dependencies:
      escape-string-regexp: 1.0.5
      object-assign: 4.1.1

  findup-sync@0.1.3:
    dependencies:
      glob: 3.2.11
      lodash: 2.4.2

  forever-agent@0.5.2:
    optional: true

  form-data@0.1.4:
    dependencies:
      async: 0.9.2
      combined-stream: 0.0.7
      mime: 1.2.11
    optional: true

  fs.realpath@1.0.0: {}

  function-bind@1.1.2: {}

  gaze@1.1.3:
    dependencies:
      globule: 1.3.4

  get-intrinsic@1.2.7:
    dependencies:
      call-bind-apply-helpers: 1.0.1
      es-define-property: 1.0.1
      es-errors: 1.3.0
      es-object-atoms: 1.1.1
      function-bind: 1.1.2
      get-proto: 1.0.1
      gopd: 1.2.0
      has-symbols: 1.1.0
      hasown: 2.0.2
      math-intrinsics: 1.1.0

  get-proto@1.0.1:
    dependencies:
      dunder-proto: 1.0.1
      es-object-atoms: 1.1.1

  getobject@0.1.0: {}

  glob@3.1.21:
    dependencies:
      graceful-fs: 1.2.3
      inherits: 1.0.2
      minimatch: 0.2.14

  glob@3.2.11:
    dependencies:
      inherits: 2.0.4
      minimatch: 0.3.0

  glob@7.1.7:
    dependencies:
      fs.realpath: 1.0.0
      inflight: 1.0.6
      inherits: 2.0.4
      minimatch: 3.0.8
      once: 1.4.0
      path-is-absolute: 1.0.1

  globule@1.3.4:
    dependencies:
      glob: 7.1.7
      lodash: 4.17.21
      minimatch: 3.0.8

  gopd@1.2.0: {}

  graceful-fs@1.2.3: {}

  graceful-fs@3.0.12:
    dependencies:
      natives: 1.1.6
    optional: true

  grunt-banner@0.2.3(grunt@0.4.5):
    dependencies:
      grunt: 0.4.5

  grunt-contrib-less@0.11.4(grunt@0.4.5):
    dependencies:
      async: 0.2.10
      chalk: 0.5.1
      grunt: 0.4.5
      less: 1.7.5
      lodash: 2.4.2
      maxmin: 0.1.0

  grunt-contrib-uglify@0.5.1(grunt@0.4.5):
    dependencies:
      chalk: 0.5.1
      grunt: 0.4.5
      lodash: 2.4.2
      maxmin: 0.2.2
      uglify-js: 2.8.29

  grunt-contrib-watch@1.1.0:
    dependencies:
      async: 2.6.4
      gaze: 1.1.3
      lodash: 4.17.21
      tiny-lr: 1.1.1
    transitivePeerDependencies:
      - supports-color

  grunt-legacy-log-utils@0.1.1:
    dependencies:
      colors: 0.6.2
      lodash: 2.4.2
      underscore.string: 2.3.3

  grunt-legacy-log@0.1.3:
    dependencies:
      colors: 0.6.2
      grunt-legacy-log-utils: 0.1.1
      hooker: 0.2.3
      lodash: 2.4.2
      underscore.string: 2.3.3

  grunt-legacy-util@0.2.0:
    dependencies:
      async: 0.1.22
      exit: 0.1.2
      getobject: 0.1.0
      hooker: 0.2.3
      lodash: 0.9.2
      underscore.string: 2.2.1
      which: 1.0.9

  grunt@0.4.5:
    dependencies:
      async: 0.1.22
      coffee-script: 1.3.3
      colors: 0.6.2
      dateformat: 1.0.2-1.2.3
      eventemitter2: 0.4.14
      exit: 0.1.2
      findup-sync: 0.1.3
      getobject: 0.1.0
      glob: 3.1.21
      grunt-legacy-log: 0.1.3
      grunt-legacy-util: 0.2.0
      hooker: 0.2.3
      iconv-lite: 0.2.11
      js-yaml: 2.0.5
      lodash: 0.9.2
      minimatch: 0.2.14
      nopt: 1.0.10
      rimraf: 2.2.8
      underscore.string: 2.2.1
      which: 1.0.9

  gzip-size@0.1.1:
    dependencies:
      concat-stream: 1.6.2
      zlib-browserify: 0.0.3

  gzip-size@0.2.0:
    dependencies:
      browserify-zlib: 0.1.4
      concat-stream: 1.6.2

  has-ansi@0.1.0:
    dependencies:
      ansi-regex: 0.2.1

  has-color@0.1.7: {}

  has-symbols@1.1.0: {}

  hasown@2.0.2:
    dependencies:
      function-bind: 1.1.2

  hawk@1.1.1:
    dependencies:
      boom: 0.4.2
      cryptiles: 0.2.2
      hoek: 0.9.1
      sntp: 0.2.4
    optional: true

  hoek@0.9.1:
    optional: true

  hooker@0.2.3: {}

  http-parser-js@0.5.9: {}

  http-signature@0.10.1:
    dependencies:
      asn1: 0.1.11
      assert-plus: 0.1.5
      ctype: 0.5.3
    optional: true

  iconv-lite@0.2.11: {}

  inflight@1.0.6:
    dependencies:
      once: 1.4.0
      wrappy: 1.0.2

  inherits@1.0.2: {}

  inherits@2.0.4: {}

  is-buffer@1.1.6: {}

  isarray@1.0.0: {}

  js-yaml@2.0.5:
    dependencies:
      argparse: 0.1.16
      esprima: 1.0.4

  json-stringify-safe@5.0.1:
    optional: true

  jsonify@0.0.1: {}

  kind-of@3.2.2:
    dependencies:
      is-buffer: 1.1.6

  lazy-cache@1.0.4: {}

  less@1.7.5:
    optionalDependencies:
      clean-css: 2.2.23
      graceful-fs: 3.0.12
      mime: 1.2.11
      mkdirp: 0.5.6
      request: 2.40.0
      source-map: 0.1.43

  livereload-js@2.4.0: {}

  lodash@0.9.2: {}

  lodash@2.4.2: {}

  lodash@4.17.21: {}

  longest@1.0.1: {}

  lru-cache@2.7.3: {}

  math-intrinsics@1.1.0: {}

  maxmin@0.1.0:
    dependencies:
      chalk: 0.4.0
      gzip-size: 0.1.1
      pretty-bytes: 0.1.2

  maxmin@0.2.2:
    dependencies:
      chalk: 0.5.1
      figures: 1.7.0
      gzip-size: 0.2.0
      pretty-bytes: 0.1.2

  mime-types@1.0.2:
    optional: true

  mime@1.2.11:
    optional: true

  minimatch@0.2.14:
    dependencies:
      lru-cache: 2.7.3
      sigmund: 1.0.1

  minimatch@0.3.0:
    dependencies:
      lru-cache: 2.7.3
      sigmund: 1.0.1

  minimatch@3.0.8:
    dependencies:
      brace-expansion: 1.1.11

  minimist@1.2.8:
    optional: true

  mkdirp@0.5.6:
    dependencies:
      minimist: 1.2.8
    optional: true

  ms@2.1.3: {}

  natives@1.1.6:
    optional: true

  node-uuid@1.4.8:
    optional: true

  nopt@1.0.10:
    dependencies:
      abbrev: 1.1.1

  oauth-sign@0.3.0:
    optional: true

  object-assign@4.1.1: {}

  object-inspect@1.13.3: {}

  once@1.4.0:
    dependencies:
      wrappy: 1.0.2

  pako@0.2.9: {}

  path-is-absolute@1.0.1: {}

  pretty-bytes@0.1.2: {}

  process-nextick-args@2.0.1: {}

  qs@1.0.2:
    optional: true

  qs@6.14.0:
    dependencies:
      side-channel: 1.1.0

  raw-body@1.1.7:
    dependencies:
      bytes: 1.0.0
      string_decoder: 0.10.31

  readable-stream@2.3.8:
    dependencies:
      core-util-is: 1.0.3
      inherits: 2.0.4
      isarray: 1.0.0
      process-nextick-args: 2.0.1
      safe-buffer: 5.1.2
      string_decoder: 1.1.1
      util-deprecate: 1.0.2

  repeat-string@1.6.1: {}

  request@2.40.0:
    dependencies:
      forever-agent: 0.5.2
      json-stringify-safe: 5.0.1
      mime-types: 1.0.2
      node-uuid: 1.4.8
      qs: 1.0.2
    optionalDependencies:
      aws-sign2: 0.5.0
      form-data: 0.1.4
      hawk: 1.1.1
      http-signature: 0.10.1
      oauth-sign: 0.3.0
      stringstream: 0.0.6
      tough-cookie: 5.1.0
      tunnel-agent: 0.4.3
    optional: true

  right-align@0.1.3:
    dependencies:
      align-text: 0.1.4

  rimraf@2.2.8: {}

  safe-buffer@5.1.2: {}

  safe-buffer@5.2.1: {}

  safe-json-parse@1.0.1: {}

  side-channel-list@1.0.0:
    dependencies:
      es-errors: 1.3.0
      object-inspect: 1.13.3

  side-channel-map@1.0.1:
    dependencies:
      call-bound: 1.0.3
      es-errors: 1.3.0
      get-intrinsic: 1.2.7
      object-inspect: 1.13.3

  side-channel-weakmap@1.0.2:
    dependencies:
      call-bound: 1.0.3
      es-errors: 1.3.0
      get-intrinsic: 1.2.7
      object-inspect: 1.13.3
      side-channel-map: 1.0.1

  side-channel@1.1.0:
    dependencies:
      es-errors: 1.3.0
      object-inspect: 1.13.3
      side-channel-list: 1.0.0
      side-channel-map: 1.0.1
      side-channel-weakmap: 1.0.2

  sigmund@1.0.1: {}

  sntp@0.2.4:
    dependencies:
      hoek: 0.9.1
    optional: true

  source-map@0.1.43:
    dependencies:
      amdefine: 1.0.1
    optional: true

  source-map@0.5.7: {}

  string-template@0.2.1: {}

  string_decoder@0.10.31: {}

  string_decoder@1.1.1:
    dependencies:
      safe-buffer: 5.1.2

  stringstream@0.0.6:
    optional: true

  strip-ansi@0.1.1: {}

  strip-ansi@0.3.0:
    dependencies:
      ansi-regex: 0.2.1

  supports-color@0.2.0: {}

  tape@0.2.2:
    dependencies:
      deep-equal: 0.0.0
      defined: 0.0.0
      jsonify: 0.0.1

  tiny-lr@1.1.1:
    dependencies:
      body: 5.1.0
      debug: 3.2.7
      faye-websocket: 0.10.0
      livereload-js: 2.4.0
      object-assign: 4.1.1
      qs: 6.14.0
    transitivePeerDependencies:
      - supports-color

  tldts-core@6.1.74:
    optional: true

  tldts@6.1.74:
    dependencies:
      tldts-core: 6.1.74
    optional: true

  tough-cookie@5.1.0:
    dependencies:
      tldts: 6.1.74
    optional: true

  tunnel-agent@0.4.3:
    optional: true

  typedarray@0.0.6: {}

  uglify-js@2.8.29:
    dependencies:
      source-map: 0.5.7
      yargs: 3.10.0
    optionalDependencies:
      uglify-to-browserify: 1.0.2

  uglify-to-browserify@1.0.2:
    optional: true

  underscore.string@2.2.1: {}

  underscore.string@2.3.3: {}

  underscore.string@2.4.0: {}

  underscore@1.7.0: {}

  util-deprecate@1.0.2: {}

  websocket-driver@0.7.4:
    dependencies:
      http-parser-js: 0.5.9
      safe-buffer: 5.2.1
      websocket-extensions: 0.1.4

  websocket-extensions@0.1.4: {}

  which@1.0.9: {}

  window-size@0.1.0: {}

  wordwrap@0.0.2: {}

  wrappy@1.0.2: {}

  yargs@3.10.0:
    dependencies:
      camelcase: 1.2.1
      cliui: 2.1.0
      decamelize: 1.2.0
      window-size: 0.1.0

  zlib-browserify@0.0.3:
    dependencies:
      tape: 0.2.2
